
Microsoft Visual Studio Solution File, Format Version 12.00
# Visual Studio Version 16
VisualStudioVersion = 16.0.34407.143
MinimumVisualStudioVersion = 10.0.40219.1
Project("{FAE04EC0-301F-11D3-BF4B-00C04F79EFBC}") = "Assignment_CodeFirstExample", "Assignment_CodeFirstExample\Assignment_CodeFirstExample.csproj", "{56BCE45E-D8D5-42A3-B24B-F94A6608FA65}"
EndProject
Global
	GlobalSection(SolutionConfigurationPlatforms) = preSolution
		Debug|Any CPU = Debug|Any CPU
		Release|Any CPU = Release|Any CPU
	EndGlobalSection
	GlobalSection(ProjectConfigurationPlatforms) = postSolution
		{56BCE45E-D8D5-42A3-B24B-F94A6608FA65}.Debug|Any CPU.ActiveCfg = Debug|Any CPU
		{56BCE45E-D8D5-42A3-B24B-F94A6608FA65}.Debug|Any CPU.Build.0 = Debug|Any CPU
		{56BCE45E-D8D5-42A3-B24B-F94A6608FA65}.Release|Any CPU.ActiveCfg = Release|Any CPU
		{56BCE45E-D8D5-42A3-B24B-F94A6608FA65}.Release|Any CPU.Build.0 = Release|Any CPU
	EndGlobalSection
	GlobalSection(SolutionProperties) = preSolution
		HideSolutionNode = FALSE
	EndGlobalSection
	GlobalSection(ExtensibilityGlobals) = postSolution
		SolutionGuid = {5C144525-E8F9-4230-ACB1-AC991B1B826C}
	EndGlobalSection
EndGlobal
