
Microsoft Visual Studio Solution File, Format Version 12.00
# Visual Studio Version 16
VisualStudioVersion = 16.0.34407.143
MinimumVisualStudioVersion = 10.0.40219.1
Project("{FAE04EC0-301F-11D3-BF4B-00C04F79EFBC}") = "dotnet_core", "dotnet_core\dotnet_core.csproj", "{4C89586D-7BBE-40A3-91C7-CB4A23901FAE}"
EndProject
Global
	GlobalSection(SolutionConfigurationPlatforms) = preSolution
		Debug|Any CPU = Debug|Any CPU
		Release|Any CPU = Release|Any CPU
	EndGlobalSection
	GlobalSection(ProjectConfigurationPlatforms) = postSolution
		{4C89586D-7BBE-40A3-91C7-CB4A23901FAE}.Debug|Any CPU.ActiveCfg = Debug|Any CPU
		{4C89586D-7BBE-40A3-91C7-CB4A23901FAE}.Debug|Any CPU.Build.0 = Debug|Any CPU
		{4C89586D-7BBE-40A3-91C7-CB4A23901FAE}.Release|Any CPU.ActiveCfg = Release|Any CPU
		{4C89586D-7BBE-40A3-91C7-CB4A23901FAE}.Release|Any CPU.Build.0 = Release|Any CPU
	EndGlobalSection
	GlobalSection(SolutionProperties) = preSolution
		HideSolutionNode = FALSE
	EndGlobalSection
	GlobalSection(ExtensibilityGlobals) = postSolution
		SolutionGuid = {2DA874B3-D654-4163-9031-A26583E67499}
	EndGlobalSection
EndGlobal
