
Microsoft Visual Studio Solution File, Format Version 12.00
# Visual Studio Version 16
VisualStudioVersion = 16.0.34407.143
MinimumVisualStudioVersion = 10.0.40219.1
Project("{FAE04EC0-301F-11D3-BF4B-00C04F79EFBC}") = "Assignment_Cons_ChainConstructors", "Assignment_Cons_ChainConstructors\Assignment_Cons_ChainConstructors.csproj", "{4BCAEFE8-C5B4-4D20-A70E-A8D9CD78468D}"
EndProject
Global
	GlobalSection(SolutionConfigurationPlatforms) = preSolution
		Debug|Any CPU = Debug|Any CPU
		Release|Any CPU = Release|Any CPU
	EndGlobalSection
	GlobalSection(ProjectConfigurationPlatforms) = postSolution
		{4BCAEFE8-C5B4-4D20-A70E-A8D9CD78468D}.Debug|Any CPU.ActiveCfg = Debug|Any CPU
		{4BCAEFE8-C5B4-4D20-A70E-A8D9CD78468D}.Debug|Any CPU.Build.0 = Debug|Any CPU
		{4BCAEFE8-C5B4-4D20-A70E-A8D9CD78468D}.Release|Any CPU.ActiveCfg = Release|Any CPU
		{4BCAEFE8-C5B4-4D20-A70E-A8D9CD78468D}.Release|Any CPU.Build.0 = Release|Any CPU
	EndGlobalSection
	GlobalSection(SolutionProperties) = preSolution
		HideSolutionNode = FALSE
	EndGlobalSection
	GlobalSection(ExtensibilityGlobals) = postSolution
		SolutionGuid = {367EB0FF-AD39-4F68-AB0A-58CCD1616DB9}
	EndGlobalSection
EndGlobal
