
Microsoft Visual Studio Solution File, Format Version 12.00
# Visual Studio Version 16
VisualStudioVersion = 16.0.34407.143
MinimumVisualStudioVersion = 10.0.40219.1
Project("{FAE04EC0-301F-11D3-BF4B-00C04F79EFBC}") = "blackJack_game", "blackJack_game\blackJack_game.csproj", "{F6959135-4913-42F0-9F35-C71FE8428A67}"
EndProject
Global
	GlobalSection(SolutionConfigurationPlatforms) = preSolution
		Debug|Any CPU = Debug|Any CPU
		Release|Any CPU = Release|Any CPU
	EndGlobalSection
	GlobalSection(ProjectConfigurationPlatforms) = postSolution
		{F6959135-4913-42F0-9F35-C71FE8428A67}.Debug|Any CPU.ActiveCfg = Debug|Any CPU
		{F6959135-4913-42F0-9F35-C71FE8428A67}.Debug|Any CPU.Build.0 = Debug|Any CPU
		{F6959135-4913-42F0-9F35-C71FE8428A67}.Release|Any CPU.ActiveCfg = Release|Any CPU
		{F6959135-4913-42F0-9F35-C71FE8428A67}.Release|Any CPU.Build.0 = Release|Any CPU
	EndGlobalSection
	GlobalSection(SolutionProperties) = preSolution
		HideSolutionNode = FALSE
	EndGlobalSection
	GlobalSection(ExtensibilityGlobals) = postSolution
		SolutionGuid = {1EAC313B-64DB-42D0-B8E6-28E975FEF147}
	EndGlobalSection
EndGlobal
