
Microsoft Visual Studio Solution File, Format Version 12.00
# Visual Studio Version 16
VisualStudioVersion = 16.0.34407.143
MinimumVisualStudioVersion = 10.0.40219.1
Project("{FAE04EC0-301F-11D3-BF4B-00C04F79EFBC}") = "Assignment_struct", "Assignment_struct\Assignment_struct.csproj", "{FCA01A6B-287B-44C6-8D31-497E72DE498C}"
EndProject
Global
	GlobalSection(SolutionConfigurationPlatforms) = preSolution
		Debug|Any CPU = Debug|Any CPU
		Release|Any CPU = Release|Any CPU
	EndGlobalSection
	GlobalSection(ProjectConfigurationPlatforms) = postSolution
		{FCA01A6B-287B-44C6-8D31-497E72DE498C}.Debug|Any CPU.ActiveCfg = Debug|Any CPU
		{FCA01A6B-287B-44C6-8D31-497E72DE498C}.Debug|Any CPU.Build.0 = Debug|Any CPU
		{FCA01A6B-287B-44C6-8D31-497E72DE498C}.Release|Any CPU.ActiveCfg = Release|Any CPU
		{FCA01A6B-287B-44C6-8D31-497E72DE498C}.Release|Any CPU.Build.0 = Release|Any CPU
	EndGlobalSection
	GlobalSection(SolutionProperties) = preSolution
		HideSolutionNode = FALSE
	EndGlobalSection
	GlobalSection(ExtensibilityGlobals) = postSolution
		SolutionGuid = {353F803E-315E-4BEF-A108-E37DEF93680B}
	EndGlobalSection
EndGlobal
