
Microsoft Visual Studio Solution File, Format Version 12.00
# Visual Studio Version 16
VisualStudioVersion = 16.0.34407.143
MinimumVisualStudioVersion = 10.0.40219.1
Project("{FAE04EC0-301F-11D3-BF4B-00C04F79EFBC}") = "Assignment_lambda", "Assignment_lambda\Assignment_lambda.csproj", "{F14547DE-5C48-42E8-B712-38E146C926CC}"
EndProject
Global
	GlobalSection(SolutionConfigurationPlatforms) = preSolution
		Debug|Any CPU = Debug|Any CPU
		Release|Any CPU = Release|Any CPU
	EndGlobalSection
	GlobalSection(ProjectConfigurationPlatforms) = postSolution
		{F14547DE-5C48-42E8-B712-38E146C926CC}.Debug|Any CPU.ActiveCfg = Debug|Any CPU
		{F14547DE-5C48-42E8-B712-38E146C926CC}.Debug|Any CPU.Build.0 = Debug|Any CPU
		{F14547DE-5C48-42E8-B712-38E146C926CC}.Release|Any CPU.ActiveCfg = Release|Any CPU
		{F14547DE-5C48-42E8-B712-38E146C926CC}.Release|Any CPU.Build.0 = Release|Any CPU
	EndGlobalSection
	GlobalSection(SolutionProperties) = preSolution
		HideSolutionNode = FALSE
	EndGlobalSection
	GlobalSection(ExtensibilityGlobals) = postSolution
		SolutionGuid = {66DE6163-D151-4E1E-9A52-E8C0416134E1}
	EndGlobalSection
EndGlobal
