
Microsoft Visual Studio Solution File, Format Version 12.00
# Visual Studio Version 16
VisualStudioVersion = 16.0.34407.143
MinimumVisualStudioVersion = 10.0.40219.1
Project("{FAE04EC0-301F-11D3-BF4B-00C04F79EFBC}") = "Assignment_maths_methods", "Assignment_maths_methods\Assignment_maths_methods.csproj", "{148B7623-2DAB-4D6B-A71A-03FB49CFF280}"
EndProject
Global
	GlobalSection(SolutionConfigurationPlatforms) = preSolution
		Debug|Any CPU = Debug|Any CPU
		Release|Any CPU = Release|Any CPU
	EndGlobalSection
	GlobalSection(ProjectConfigurationPlatforms) = postSolution
		{148B7623-2DAB-4D6B-A71A-03FB49CFF280}.Debug|Any CPU.ActiveCfg = Debug|Any CPU
		{148B7623-2DAB-4D6B-A71A-03FB49CFF280}.Debug|Any CPU.Build.0 = Debug|Any CPU
		{148B7623-2DAB-4D6B-A71A-03FB49CFF280}.Release|Any CPU.ActiveCfg = Release|Any CPU
		{148B7623-2DAB-4D6B-A71A-03FB49CFF280}.Release|Any CPU.Build.0 = Release|Any CPU
	EndGlobalSection
	GlobalSection(SolutionProperties) = preSolution
		HideSolutionNode = FALSE
	EndGlobalSection
	GlobalSection(ExtensibilityGlobals) = postSolution
		SolutionGuid = {FB48040F-8E6F-427C-B722-E0C98B8B0C32}
	EndGlobalSection
EndGlobal
