
Microsoft Visual Studio Solution File, Format Version 12.00
# Visual Studio Version 16
VisualStudioVersion = 16.0.34407.143
MinimumVisualStudioVersion = 10.0.40219.1
Project("{FAE04EC0-301F-11D3-BF4B-00C04F79EFBC}") = "Shipping quote for a package", "Shipping quote for a package\Shipping quote for a package.csproj", "{17D207C5-B82E-4D5A-84A3-2EE8DC510793}"
EndProject
Global
	GlobalSection(SolutionConfigurationPlatforms) = preSolution
		Debug|Any CPU = Debug|Any CPU
		Release|Any CPU = Release|Any CPU
	EndGlobalSection
	GlobalSection(ProjectConfigurationPlatforms) = postSolution
		{17D207C5-B82E-4D5A-84A3-2EE8DC510793}.Debug|Any CPU.ActiveCfg = Debug|Any CPU
		{17D207C5-B82E-4D5A-84A3-2EE8DC510793}.Debug|Any CPU.Build.0 = Debug|Any CPU
		{17D207C5-B82E-4D5A-84A3-2EE8DC510793}.Release|Any CPU.ActiveCfg = Release|Any CPU
		{17D207C5-B82E-4D5A-84A3-2EE8DC510793}.Release|Any CPU.Build.0 = Release|Any CPU
	EndGlobalSection
	GlobalSection(SolutionProperties) = preSolution
		HideSolutionNode = FALSE
	EndGlobalSection
	GlobalSection(ExtensibilityGlobals) = postSolution
		SolutionGuid = {47435EEA-F9D6-4A98-8C38-E13147B0EF4D}
	EndGlobalSection
EndGlobal
