
Microsoft Visual Studio Solution File, Format Version 12.00
# Visual Studio Version 16
VisualStudioVersion = 16.0.34407.143
MinimumVisualStudioVersion = 10.0.40219.1
Project("{FAE04EC0-301F-11D3-BF4B-00C04F79EFBC}") = "approval for car insurance", "approval for car insurance\approval for car insurance.csproj", "{57390BE7-56B3-41D1-BB54-625A41417878}"
EndProject
Global
	GlobalSection(SolutionConfigurationPlatforms) = preSolution
		Debug|Any CPU = Debug|Any CPU
		Release|Any CPU = Release|Any CPU
	EndGlobalSection
	GlobalSection(ProjectConfigurationPlatforms) = postSolution
		{57390BE7-56B3-41D1-BB54-625A41417878}.Debug|Any CPU.ActiveCfg = Debug|Any CPU
		{57390BE7-56B3-41D1-BB54-625A41417878}.Debug|Any CPU.Build.0 = Debug|Any CPU
		{57390BE7-56B3-41D1-BB54-625A41417878}.Release|Any CPU.ActiveCfg = Release|Any CPU
		{57390BE7-56B3-41D1-BB54-625A41417878}.Release|Any CPU.Build.0 = Release|Any CPU
	EndGlobalSection
	GlobalSection(SolutionProperties) = preSolution
		HideSolutionNode = FALSE
	EndGlobalSection
	GlobalSection(ExtensibilityGlobals) = postSolution
		SolutionGuid = {8F64F15C-AD3B-4B85-AD53-41DF1F2F6E35}
	EndGlobalSection
EndGlobal
